# THIS IS AN AUTOGENERATED FILE. DO NOT EDIT THIS FILE DIRECTLY.
# yarn lockfile v1


"@catppuccin/palette@^0.1.5":
  version "0.1.5"
  resolved "https://registry.yarnpkg.com/@catppuccin/palette/-/palette-0.1.5.tgz#79350555c86707913942bf4feaac9fe9bc0c1d7c"
  integrity sha512-IQLsZwXDMpLc5CFGjIMa/gFnnFL/QLB280F11B51JweZHerZ/FgPXdIR4eQqn1CgrqI3wGfgnj1LVPx12DV/Uw==
